
Microsoft Visual Studio Solution File, Format Version 12.00
# Visual Studio 14
VisualStudioVersion = 14.0.25420.1
MinimumVisualStudioVersion = 10.0.40219.1
Project("{FAE04EC0-301F-11D3-BF4B-00C04F79EFBC}") = "SudokuX.WPF", "SudokuX.WPF\SudokuX.WPF.csproj", "{A6F4AD6E-974D-45E9-ADB6-DCB10481BB8A}"
EndProject
Project("{FAE04EC0-301F-11D3-BF4B-00C04F79EFBC}") = "SudokuX.Core", "SudokuX.Core\SudokuX.Core.csproj", "{0B9A74F4-8DF4-4FFD-A1AB-C62D9319875E}"
EndProject
Global
	GlobalSection(SolutionConfigurationPlatforms) = preSolution
		Debug|Any CPU = Debug|Any CPU
		Release|Any CPU = Release|Any CPU
	EndGlobalSection
	GlobalSection(ProjectConfigurationPlatforms) = postSolution
		{A6F4AD6E-974D-45E9-ADB6-DCB10481BB8A}.Debug|Any CPU.ActiveCfg = Debug|Any CPU
		{A6F4AD6E-974D-45E9-ADB6-DCB10481BB8A}.Debug|Any CPU.Build.0 = Debug|Any CPU
		{A6F4AD6E-974D-45E9-ADB6-DCB10481BB8A}.Release|Any CPU.ActiveCfg = Release|Any CPU
		{A6F4AD6E-974D-45E9-ADB6-DCB10481BB8A}.Release|Any CPU.Build.0 = Release|Any CPU
		{0B9A74F4-8DF4-4FFD-A1AB-C62D9319875E}.Debug|Any CPU.ActiveCfg = Debug|Any CPU
		{0B9A74F4-8DF4-4FFD-A1AB-C62D9319875E}.Debug|Any CPU.Build.0 = Debug|Any CPU
		{0B9A74F4-8DF4-4FFD-A1AB-C62D9319875E}.Release|Any CPU.ActiveCfg = Release|Any CPU
		{0B9A74F4-8DF4-4FFD-A1AB-C62D9319875E}.Release|Any CPU.Build.0 = Release|Any CPU
	EndGlobalSection
	GlobalSection(SolutionProperties) = preSolution
		HideSolutionNode = FALSE
	EndGlobalSection
EndGlobal
